
Microsoft Visual Studio Solution File, Format Version 12.00
# Visual Studio Version 17
VisualStudioVersion = 17.3.32825.248
MinimumVisualStudioVersion = 10.0.40219.1
Project("{FAE04EC0-301F-11D3-BF4B-00C04F79EFBC}") = "29.10.2022", "29.10.2022\29.10.2022.csproj", "{2D2BC48C-B343-40BB-833D-184BAF12877B}"
EndProject
Project("{FAE04EC0-301F-11D3-BF4B-00C04F79EFBC}") = "TooMuch", "TooMuch\TooMuch.csproj", "{79609E52-BDB4-406C-A028-986E0C93CC4F}"
EndProject
Global
	GlobalSection(SolutionConfigurationPlatforms) = preSolution
		Debug|Any CPU = Debug|Any CPU
		Release|Any CPU = Release|Any CPU
	EndGlobalSection
	GlobalSection(ProjectConfigurationPlatforms) = postSolution
		{2D2BC48C-B343-40BB-833D-184BAF12877B}.Debug|Any CPU.ActiveCfg = Debug|Any CPU
		{2D2BC48C-B343-40BB-833D-184BAF12877B}.Debug|Any CPU.Build.0 = Debug|Any CPU
		{2D2BC48C-B343-40BB-833D-184BAF12877B}.Release|Any CPU.ActiveCfg = Release|Any CPU
		{2D2BC48C-B343-40BB-833D-184BAF12877B}.Release|Any CPU.Build.0 = Release|Any CPU
		{79609E52-BDB4-406C-A028-986E0C93CC4F}.Debug|Any CPU.ActiveCfg = Debug|Any CPU
		{79609E52-BDB4-406C-A028-986E0C93CC4F}.Debug|Any CPU.Build.0 = Debug|Any CPU
		{79609E52-BDB4-406C-A028-986E0C93CC4F}.Release|Any CPU.ActiveCfg = Release|Any CPU
		{79609E52-BDB4-406C-A028-986E0C93CC4F}.Release|Any CPU.Build.0 = Release|Any CPU
	EndGlobalSection
	GlobalSection(SolutionProperties) = preSolution
		HideSolutionNode = FALSE
	EndGlobalSection
	GlobalSection(ExtensibilityGlobals) = postSolution
		SolutionGuid = {58CAD40C-E0B5-4033-A18A-363CAF205A12}
	EndGlobalSection
EndGlobal
